// !$*UTF8*$!
{
	archiveVersion = 1;
	classes = {
	};
	objectVersion = 77;
	objects = {

/* Begin PBXBuildFile section */
		020134642EE6DE1B002544BE /* Session.swift in Sources */ = {isa = PBXBuildFile; fileRef = 020134632EE6DE1B002544BE /* Session.swift */; };
		020134672EE6DE2A002544BE /* ActivityTracker.swift in Sources */ = {isa = PBXBuildFile; fileRef = 020134652EE6DE2A002544BE /* ActivityTracker.swift */; };
		020134682EE6DE2A002544BE /* SessionStore.swift in Sources */ = {isa = PBXBuildFile; fileRef = 020134662EE6DE2A002544BE /* SessionStore.swift */; };
		0201346A2EE6DE32002544BE /* Date+Utils.swift in Sources */ = {isa = PBXBuildFile; fileRef = 020134692EE6DE32002544BE /* Date+Utils.swift */; };
		0201346C2EE6DE39002544BE /* TimelineViewModel.swift in Sources */ = {isa = PBXBuildFile; fileRef = 0201346B2EE6DE39002544BE /* TimelineViewModel.swift */; };
		020134762EE6E12C002544BE /* SQLite in Frameworks */ = {isa = PBXBuildFile; productRef = 020134752EE6E12C002544BE /* SQLite */; };
		0201347E2EE70000002544BE /* Color+Hex.swift in Sources */ = {isa = PBXBuildFile; fileRef = 0201347D2EE70000002544BE /* Color+Hex.swift */; };
		020134802EE70001002544BE /* NSImage+AverageColor.swift in Sources */ = {isa = PBXBuildFile; fileRef = 0201347F2EE70001002544BE /* NSImage+AverageColor.swift */; };
/* End PBXBuildFile section */

/* Begin PBXContainerItemProxy section */
		020134412EE6DC8A002544BE /* PBXContainerItemProxy */ = {
			isa = PBXContainerItemProxy;
			containerPortal = 0201342B2EE6DC8A002544BE /* Project object */;
			proxyType = 1;
			remoteGlobalIDString = 020134322EE6DC8A002544BE;
			remoteInfo = "Mac Time";
		};
		0201344B2EE6DC8A002544BE /* PBXContainerItemProxy */ = {
			isa = PBXContainerItemProxy;
			containerPortal = 0201342B2EE6DC8A002544BE /* Project object */;
			proxyType = 1;
			remoteGlobalIDString = 020134322EE6DC8A002544BE;
			remoteInfo = "Mac Time";
		};
/* End PBXContainerItemProxy section */

/* Begin PBXFileReference section */
		020134332EE6DC8A002544BE /* Mac Time.app */ = {isa = PBXFileReference; explicitFileType = wrapper.application; includeInIndex = 0; path = "Mac Time.app"; sourceTree = BUILT_PRODUCTS_DIR; };
		020134402EE6DC8A002544BE /* Mac TimeTests.xctest */ = {isa = PBXFileReference; explicitFileType = wrapper.cfbundle; includeInIndex = 0; path = "Mac TimeTests.xctest"; sourceTree = BUILT_PRODUCTS_DIR; };
		0201344A2EE6DC8A002544BE /* Mac TimeUITests.xctest */ = {isa = PBXFileReference; explicitFileType = wrapper.cfbundle; includeInIndex = 0; path = "Mac TimeUITests.xctest"; sourceTree = BUILT_PRODUCTS_DIR; };
		020134632EE6DE1B002544BE /* Session.swift */ = {isa = PBXFileReference; lastKnownFileType = sourcecode.swift; path = Session.swift; sourceTree = "<group>"; };
		020134652EE6DE2A002544BE /* ActivityTracker.swift */ = {isa = PBXFileReference; lastKnownFileType = sourcecode.swift; path = ActivityTracker.swift; sourceTree = "<group>"; };
		020134662EE6DE2A002544BE /* SessionStore.swift */ = {isa = PBXFileReference; lastKnownFileType = sourcecode.swift; path = SessionStore.swift; sourceTree = "<group>"; };
		020134692EE6DE32002544BE /* Date+Utils.swift */ = {isa = PBXFileReference; lastKnownFileType = sourcecode.swift; path = "Date+Utils.swift"; sourceTree = "<group>"; };
		0201346B2EE6DE39002544BE /* TimelineViewModel.swift */ = {isa = PBXFileReference; lastKnownFileType = sourcecode.swift; path = TimelineViewModel.swift; sourceTree = "<group>"; };
		0201347D2EE70000002544BE /* Color+Hex.swift */ = {isa = PBXFileReference; lastKnownFileType = sourcecode.swift; path = "Color+Hex.swift"; sourceTree = "<group>"; };
		0201347F2EE70001002544BE /* NSImage+AverageColor.swift */ = {isa = PBXFileReference; lastKnownFileType = sourcecode.swift; path = "NSImage+AverageColor.swift"; sourceTree = "<group>"; };
/* End PBXFileReference section */

/* Begin PBXFileSystemSynchronizedRootGroup section */
		020134352EE6DC8A002544BE /* Mac Time */ = {
			isa = PBXFileSystemSynchronizedRootGroup;
			path = "Mac Time";
			sourceTree = "<group>";
		};
		020134432EE6DC8A002544BE /* Mac TimeTests */ = {
			isa = PBXFileSystemSynchronizedRootGroup;
			path = "Mac TimeTests";
			sourceTree = "<group>";
		};
		0201344D2EE6DC8A002544BE /* Mac TimeUITests */ = {
			isa = PBXFileSystemSynchronizedRootGroup;
			path = "Mac TimeUITests";
			sourceTree = "<group>";
		};
/* End PBXFileSystemSynchronizedRootGroup section */

/* Begin PBXFrameworksBuildPhase section */
		020134302EE6DC8A002544BE /* Frameworks */ = {
			isa = PBXFrameworksBuildPhase;
			buildActionMask = 2147483647;
			files = (
				020134762EE6E12C002544BE /* SQLite in Frameworks */,
			);
			runOnlyForDeploymentPostprocessing = 0;
		};
		0201343D2EE6DC8A002544BE /* Frameworks */ = {
			isa = PBXFrameworksBuildPhase;
			buildActionMask = 2147483647;
			files = (
			);
			runOnlyForDeploymentPostprocessing = 0;
		};
		020134472EE6DC8A002544BE /* Frameworks */ = {
			isa = PBXFrameworksBuildPhase;
			buildActionMask = 2147483647;
			files = (
			);
			runOnlyForDeploymentPostprocessing = 0;
		};
/* End PBXFrameworksBuildPhase section */

/* Begin PBXGroup section */
		0201342A2EE6DC8A002544BE = {
			isa = PBXGroup;
			children = (
				020134622EE6DDE7002544BE /* Utilities */,
				020134602EE6DDDB002544BE /* ViewModels */,
				0201345F2EE6DDD4002544BE /* Services */,
				0201345E2EE6DDCC002544BE /* Models */,
				020134432EE6DC8A002544BE /* Mac TimeTests */,
				0201344D2EE6DC8A002544BE /* Mac TimeUITests */,
				020134342EE6DC8A002544BE /* Products */,
				020134352EE6DC8A002544BE /* Mac Time */,
				020134742EE6E12C002544BE /* Frameworks */,
			);
			sourceTree = "<group>";
		};
		020134342EE6DC8A002544BE /* Products */ = {
			isa = PBXGroup;
			children = (
				020134332EE6DC8A002544BE /* Mac Time.app */,
				020134402EE6DC8A002544BE /* Mac TimeTests.xctest */,
				0201344A2EE6DC8A002544BE /* Mac TimeUITests.xctest */,
			);
			name = Products;
			sourceTree = "<group>";
		};
		0201345E2EE6DDCC002544BE /* Models */ = {
			isa = PBXGroup;
			children = (
				020134632EE6DE1B002544BE /* Session.swift */,
			);
			path = Models;
			sourceTree = "<group>";
		};
		0201345F2EE6DDD4002544BE /* Services */ = {
			isa = PBXGroup;
			children = (
				020134652EE6DE2A002544BE /* ActivityTracker.swift */,
				020134662EE6DE2A002544BE /* SessionStore.swift */,
			);
			path = Services;
			sourceTree = "<group>";
		};
		020134602EE6DDDB002544BE /* ViewModels */ = {
			isa = PBXGroup;
			children = (
				0201346B2EE6DE39002544BE /* TimelineViewModel.swift */,
			);
			path = ViewModels;
			sourceTree = "<group>";
		};
		020134622EE6DDE7002544BE /* Utilities */ = {
			isa = PBXGroup;
			children = (
				020134692EE6DE32002544BE /* Date+Utils.swift */,
				0201347D2EE70000002544BE /* Color+Hex.swift */,
				0201347F2EE70001002544BE /* NSImage+AverageColor.swift */,
			);
			path = Utilities;
			sourceTree = "<group>";
		};
		020134742EE6E12C002544BE /* Frameworks */ = {
			isa = PBXGroup;
			children = (
			);
			name = Frameworks;
			sourceTree = "<group>";
		};
/* End PBXGroup section */

/* Begin PBXNativeTarget section */
		020134322EE6DC8A002544BE /* Mac Time */ = {
			isa = PBXNativeTarget;
			buildConfigurationList = 020134542EE6DC8A002544BE /* Build configuration list for PBXNativeTarget "Mac Time" */;
			buildPhases = (
				0201342F2EE6DC8A002544BE /* Sources */,
				020134302EE6DC8A002544BE /* Frameworks */,
				020134312EE6DC8A002544BE /* Resources */,
			);
			buildRules = (
			);
			dependencies = (
			);
			fileSystemSynchronizedGroups = (
				020134352EE6DC8A002544BE /* Mac Time */,
			);
			name = "Mac Time";
			packageProductDependencies = (
				020134752EE6E12C002544BE /* SQLite */,
			);
			productName = "Mac Time";
			productReference = 020134332EE6DC8A002544BE /* Mac Time.app */;
			productType = "com.apple.product-type.application";
		};
		0201343F2EE6DC8A002544BE /* Mac TimeTests */ = {
			isa = PBXNativeTarget;
			buildConfigurationList = 020134572EE6DC8A002544BE /* Build configuration list for PBXNativeTarget "Mac TimeTests" */;
			buildPhases = (
				0201343C2EE6DC8A002544BE /* Sources */,
				0201343D2EE6DC8A002544BE /* Frameworks */,
				0201343E2EE6DC8A002544BE /* Resources */,
			);
			buildRules = (
			);
			dependencies = (
				020134422EE6DC8A002544BE /* PBXTargetDependency */,
			);
			fileSystemSynchronizedGroups = (
				020134432EE6DC8A002544BE /* Mac TimeTests */,
			);
			name = "Mac TimeTests";
			packageProductDependencies = (
			);
			productName = "Mac TimeTests";
			productReference = 020134402EE6DC8A002544BE /* Mac TimeTests.xctest */;
			productType = "com.apple.product-type.bundle.unit-test";
		};
		020134492EE6DC8A002544BE /* Mac TimeUITests */ = {
			isa = PBXNativeTarget;
			buildConfigurationList = 0201345A2EE6DC8A002544BE /* Build configuration list for PBXNativeTarget "Mac TimeUITests" */;
			buildPhases = (
				020134462EE6DC8A002544BE /* Sources */,
				020134472EE6DC8A002544BE /* Frameworks */,
				020134482EE6DC8A002544BE /* Resources */,
			);
			buildRules = (
			);
			dependencies = (
				0201344C2EE6DC8A002544BE /* PBXTargetDependency */,
			);
			fileSystemSynchronizedGroups = (
				0201344D2EE6DC8A002544BE /* Mac TimeUITests */,
			);
			name = "Mac TimeUITests";
			packageProductDependencies = (
			);
			productName = "Mac TimeUITests";
			productReference = 0201344A2EE6DC8A002544BE /* Mac TimeUITests.xctest */;
			productType = "com.apple.product-type.bundle.ui-testing";
		};
/* End PBXNativeTarget section */

/* Begin PBXProject section */
		0201342B2EE6DC8A002544BE /* Project object */ = {
			isa = PBXProject;
			attributes = {
				BuildIndependentTargetsInParallel = 1;
				LastSwiftUpdateCheck = 2600;
				LastUpgradeCheck = 2600;
				TargetAttributes = {
					020134322EE6DC8A002544BE = {
						CreatedOnToolsVersion = 26.0.1;
					};
					0201343F2EE6DC8A002544BE = {
						CreatedOnToolsVersion = 26.0.1;
						TestTargetID = 020134322EE6DC8A002544BE;
					};
					020134492EE6DC8A002544BE = {
						CreatedOnToolsVersion = 26.0.1;
						TestTargetID = 020134322EE6DC8A002544BE;
					};
				};
			};
			buildConfigurationList = 0201342E2EE6DC8A002544BE /* Build configuration list for PBXProject "Mac Time" */;
			developmentRegion = en;
			hasScannedForEncodings = 0;
			knownRegions = (
				en,
				"zh-Hans",
				Base,
			);
			mainGroup = 0201342A2EE6DC8A002544BE;
			minimizedProjectReferenceProxies = 1;
			packageReferences = (
				020134732EE6DFCC002544BE /* XCRemoteSwiftPackageReference "SQLite.swift" */,
			);
			preferredProjectObjectVersion = 77;
			productRefGroup = 020134342EE6DC8A002544BE /* Products */;
			projectDirPath = "";
			projectRoot = "";
			targets = (
				020134322EE6DC8A002544BE /* Mac Time */,
				0201343F2EE6DC8A002544BE /* Mac TimeTests */,
				020134492EE6DC8A002544BE /* Mac TimeUITests */,
			);
		};
/* End PBXProject section */

/* Begin PBXResourcesBuildPhase section */
		020134312EE6DC8A002544BE /* Resources */ = {
			isa = PBXResourcesBuildPhase;
			buildActionMask = 2147483647;
			files = (
			);
			runOnlyForDeploymentPostprocessing = 0;
		};
		0201343E2EE6DC8A002544BE /* Resources */ = {
			isa = PBXResourcesBuildPhase;
			buildActionMask = 2147483647;
			files = (
			);
			runOnlyForDeploymentPostprocessing = 0;
		};
		020134482EE6DC8A002544BE /* Resources */ = {
			isa = PBXResourcesBuildPhase;
			buildActionMask = 2147483647;
			files = (
			);
			runOnlyForDeploymentPostprocessing = 0;
		};
/* End PBXResourcesBuildPhase section */

/* Begin PBXSourcesBuildPhase section */
		0201342F2EE6DC8A002544BE /* Sources */ = {
			isa = PBXSourcesBuildPhase;
			buildActionMask = 2147483647;
			files = (
				0201346C2EE6DE39002544BE /* TimelineViewModel.swift in Sources */,
				0201346A2EE6DE32002544BE /* Date+Utils.swift in Sources */,
				0201347E2EE70000002544BE /* Color+Hex.swift in Sources */,
				020134642EE6DE1B002544BE /* Session.swift in Sources */,
				020134672EE6DE2A002544BE /* ActivityTracker.swift in Sources */,
				020134802EE70001002544BE /* NSImage+AverageColor.swift in Sources */,
				020134682EE6DE2A002544BE /* SessionStore.swift in Sources */,
			);
			runOnlyForDeploymentPostprocessing = 0;
		};
		0201343C2EE6DC8A002544BE /* Sources */ = {
			isa = PBXSourcesBuildPhase;
			buildActionMask = 2147483647;
			files = (
			);
			runOnlyForDeploymentPostprocessing = 0;
		};
		020134462EE6DC8A002544BE /* Sources */ = {
			isa = PBXSourcesBuildPhase;
			buildActionMask = 2147483647;
			files = (
			);
			runOnlyForDeploymentPostprocessing = 0;
		};
/* End PBXSourcesBuildPhase section */

/* Begin PBXTargetDependency section */
		020134422EE6DC8A002544BE /* PBXTargetDependency */ = {
			isa = PBXTargetDependency;
			target = 020134322EE6DC8A002544BE /* Mac Time */;
			targetProxy = 020134412EE6DC8A002544BE /* PBXContainerItemProxy */;
		};
		0201344C2EE6DC8A002544BE /* PBXTargetDependency */ = {
			isa = PBXTargetDependency;
			target = 020134322EE6DC8A002544BE /* Mac Time */;
			targetProxy = 0201344B2EE6DC8A002544BE /* PBXContainerItemProxy */;
		};
/* End PBXTargetDependency section */

/* Begin XCBuildConfiguration section */
		020134522EE6DC8A002544BE /* Debug */ = {
			isa = XCBuildConfiguration;
			buildSettings = {
				ALWAYS_SEARCH_USER_PATHS = NO;
				ASSETCATALOG_COMPILER_GENERATE_SWIFT_ASSET_SYMBOL_EXTENSIONS = YES;
				CLANG_ANALYZER_NONNULL = YES;
				CLANG_ANALYZER_NUMBER_OBJECT_CONVERSION = YES_AGGRESSIVE;
				CLANG_CXX_LANGUAGE_STANDARD = "gnu++20";
				CLANG_ENABLE_MODULES = YES;
				CLANG_ENABLE_OBJC_ARC = YES;
				CLANG_ENABLE_OBJC_WEAK = YES;
				CLANG_WARN_BLOCK_CAPTURE_AUTORELEASING = YES;
				CLANG_WARN_BOOL_CONVERSION = YES;
				CLANG_WARN_COMMA = YES;
				CLANG_WARN_CONSTANT_CONVERSION = YES;
				CLANG_WARN_DEPRECATED_OBJC_IMPLEMENTATIONS = YES;
				CLANG_WARN_DIRECT_OBJC_ISA_USAGE = YES_ERROR;
				CLANG_WARN_DOCUMENTATION_COMMENTS = YES;
				CLANG_WARN_EMPTY_BODY = YES;
				CLANG_WARN_ENUM_CONVERSION = YES;
				CLANG_WARN_INFINITE_RECURSION = YES;
				CLANG_WARN_INT_CONVERSION = YES;
				CLANG_WARN_NON_LITERAL_NULL_CONVERSION = YES;
				CLANG_WARN_OBJC_IMPLICIT_RETAIN_SELF = YES;
				CLANG_WARN_OBJC_LITERAL_CONVERSION = YES;
				CLANG_WARN_OBJC_ROOT_CLASS = YES_ERROR;
				CLANG_WARN_QUOTED_INCLUDE_IN_FRAMEWORK_HEADER = YES;
				CLANG_WARN_RANGE_LOOP_ANALYSIS = YES;
				CLANG_WARN_STRICT_PROTOTYPES = YES;
				CLANG_WARN_SUSPICIOUS_MOVE = YES;
				CLANG_WARN_UNGUARDED_AVAILABILITY = YES_AGGRESSIVE;
				CLANG_WARN_UNREACHABLE_CODE = YES;
				CLANG_WARN__DUPLICATE_METHOD_MATCH = YES;
				COPY_PHASE_STRIP = NO;
				DEBUG_INFORMATION_FORMAT = dwarf;
				ENABLE_STRICT_OBJC_MSGSEND = YES;
				ENABLE_TESTABILITY = YES;
				ENABLE_USER_SCRIPT_SANDBOXING = YES;
				GCC_C_LANGUAGE_STANDARD = gnu17;
				GCC_DYNAMIC_NO_PIC = NO;
				GCC_NO_COMMON_BLOCKS = YES;
				GCC_OPTIMIZATION_LEVEL = 0;
				GCC_PREPROCESSOR_DEFINITIONS = (
					"DEBUG=1",
					"$(inherited)",
				);
				GCC_WARN_64_TO_32_BIT_CONVERSION = YES;
				GCC_WARN_ABOUT_RETURN_TYPE = YES_ERROR;
				GCC_WARN_UNDECLARED_SELECTOR = YES;
				GCC_WARN_UNINITIALIZED_AUTOS = YES_AGGRESSIVE;
				GCC_WARN_UNUSED_FUNCTION = YES;
				GCC_WARN_UNUSED_VARIABLE = YES;
				LOCALIZATION_PREFERS_STRING_CATALOGS = YES;
				MACOSX_DEPLOYMENT_TARGET = 26.0;
				MTL_ENABLE_DEBUG_INFO = INCLUDE_SOURCE;
				MTL_FAST_MATH = YES;
				ONLY_ACTIVE_ARCH = YES;
				SDKROOT = macosx;
				SWIFT_ACTIVE_COMPILATION_CONDITIONS = "DEBUG $(inherited)";
				SWIFT_OPTIMIZATION_LEVEL = "-Onone";
			};
			name = Debug;
		};
		020134532EE6DC8A002544BE /* Release */ = {
			isa = XCBuildConfiguration;
			buildSettings = {
				ALWAYS_SEARCH_USER_PATHS = NO;
				ASSETCATALOG_COMPILER_GENERATE_SWIFT_ASSET_SYMBOL_EXTENSIONS = YES;
				CLANG_ANALYZER_NONNULL = YES;
				CLANG_ANALYZER_NUMBER_OBJECT_CONVERSION = YES_AGGRESSIVE;
				CLANG_CXX_LANGUAGE_STANDARD = "gnu++20";
				CLANG_ENABLE_MODULES = YES;
				CLANG_ENABLE_OBJC_ARC = YES;
				CLANG_ENABLE_OBJC_WEAK = YES;
				CLANG_WARN_BLOCK_CAPTURE_AUTORELEASING = YES;
				CLANG_WARN_BOOL_CONVERSION = YES;
				CLANG_WARN_COMMA = YES;
				CLANG_WARN_CONSTANT_CONVERSION = YES;
				CLANG_WARN_DEPRECATED_OBJC_IMPLEMENTATIONS = YES;
				CLANG_WARN_DIRECT_OBJC_ISA_USAGE = YES_ERROR;
				CLANG_WARN_DOCUMENTATION_COMMENTS = YES;
				CLANG_WARN_EMPTY_BODY = YES;
				CLANG_WARN_ENUM_CONVERSION = YES;
				CLANG_WARN_INFINITE_RECURSION = YES;
				CLANG_WARN_INT_CONVERSION = YES;
				CLANG_WARN_NON_LITERAL_NULL_CONVERSION = YES;
				CLANG_WARN_OBJC_IMPLICIT_RETAIN_SELF = YES;
				CLANG_WARN_OBJC_LITERAL_CONVERSION = YES;
				CLANG_WARN_OBJC_ROOT_CLASS = YES_ERROR;
				CLANG_WARN_QUOTED_INCLUDE_IN_FRAMEWORK_HEADER = YES;
				CLANG_WARN_RANGE_LOOP_ANALYSIS = YES;
				CLANG_WARN_STRICT_PROTOTYPES = YES;
				CLANG_WARN_SUSPICIOUS_MOVE = YES;
				CLANG_WARN_UNGUARDED_AVAILABILITY = YES_AGGRESSIVE;
				CLANG_WARN_UNREACHABLE_CODE = YES;
				CLANG_WARN__DUPLICATE_METHOD_MATCH = YES;
				COPY_PHASE_STRIP = NO;
				DEBUG_INFORMATION_FORMAT = "dwarf-with-dsym";
				ENABLE_NS_ASSERTIONS = NO;
				ENABLE_STRICT_OBJC_MSGSEND = YES;
				ENABLE_USER_SCRIPT_SANDBOXING = YES;
				GCC_C_LANGUAGE_STANDARD = gnu17;
				GCC_NO_COMMON_BLOCKS = YES;
				GCC_WARN_64_TO_32_BIT_CONVERSION = YES;
				GCC_WARN_ABOUT_RETURN_TYPE = YES_ERROR;
				GCC_WARN_UNDECLARED_SELECTOR = YES;
				GCC_WARN_UNINITIALIZED_AUTOS = YES_AGGRESSIVE;
				GCC_WARN_UNUSED_FUNCTION = YES;
				GCC_WARN_UNUSED_VARIABLE = YES;
				LOCALIZATION_PREFERS_STRING_CATALOGS = YES;
				MACOSX_DEPLOYMENT_TARGET = 26.0;
				MTL_ENABLE_DEBUG_INFO = NO;
				MTL_FAST_MATH = YES;
				SDKROOT = macosx;
				SWIFT_COMPILATION_MODE = wholemodule;
			};
			name = Release;
		};
		020134552EE6DC8A002544BE /* Debug */ = {
			isa = XCBuildConfiguration;
			buildSettings = {
				ASSETCATALOG_COMPILER_APPICON_NAME = AppIcon;
				ASSETCATALOG_COMPILER_GLOBAL_ACCENT_COLOR_NAME = AccentColor;
				CODE_SIGN_STYLE = Automatic;
				COMBINE_HIDPI_IMAGES = YES;
				CURRENT_PROJECT_VERSION = 1;
				ENABLE_APP_SANDBOX = YES;
				ENABLE_PREVIEWS = YES;
				ENABLE_USER_SELECTED_FILES = readonly;
				GENERATE_INFOPLIST_FILE = YES;
				INFOPLIST_KEY_NSHumanReadableCopyright = "";
				LD_RUNPATH_SEARCH_PATHS = (
					"$(inherited)",
					"@executable_path/../Frameworks",
				);
				MARKETING_VERSION = 1.1;
				PRODUCT_BUNDLE_IDENTIFIER = "com.byronyeung.Mac-Time";
				PRODUCT_NAME = "$(TARGET_NAME)";
				REGISTER_APP_GROUPS = YES;
				STRING_CATALOG_GENERATE_SYMBOLS = YES;
				SWIFT_APPROACHABLE_CONCURRENCY = YES;
				SWIFT_DEFAULT_ACTOR_ISOLATION = MainActor;
				SWIFT_EMIT_LOC_STRINGS = YES;
				SWIFT_UPCOMING_FEATURE_MEMBER_IMPORT_VISIBILITY = YES;
				SWIFT_VERSION = 5.0;
			};
			name = Debug;
		};
		020134562EE6DC8A002544BE /* Release */ = {
			isa = XCBuildConfiguration;
			buildSettings = {
				ASSETCATALOG_COMPILER_APPICON_NAME = AppIcon;
				ASSETCATALOG_COMPILER_GLOBAL_ACCENT_COLOR_NAME = AccentColor;
				CODE_SIGN_STYLE = Automatic;
				COMBINE_HIDPI_IMAGES = YES;
				CURRENT_PROJECT_VERSION = 1;
				ENABLE_APP_SANDBOX = YES;
				ENABLE_PREVIEWS = YES;
				ENABLE_USER_SELECTED_FILES = readonly;
				GENERATE_INFOPLIST_FILE = YES;
				INFOPLIST_KEY_NSHumanReadableCopyright = "";
				LD_RUNPATH_SEARCH_PATHS = (
					"$(inherited)",
					"@executable_path/../Frameworks",
				);
				MARKETING_VERSION = 1.1;
				PRODUCT_BUNDLE_IDENTIFIER = "com.byronyeung.Mac-Time";
				PRODUCT_NAME = "$(TARGET_NAME)";
				REGISTER_APP_GROUPS = YES;
				STRING_CATALOG_GENERATE_SYMBOLS = YES;
				SWIFT_APPROACHABLE_CONCURRENCY = YES;
				SWIFT_DEFAULT_ACTOR_ISOLATION = MainActor;
				SWIFT_EMIT_LOC_STRINGS = YES;
				SWIFT_UPCOMING_FEATURE_MEMBER_IMPORT_VISIBILITY = YES;
				SWIFT_VERSION = 5.0;
			};
			name = Release;
		};
		020134582EE6DC8A002544BE /* Debug */ = {
			isa = XCBuildConfiguration;
			buildSettings = {
				BUNDLE_LOADER = "$(TEST_HOST)";
				CODE_SIGN_STYLE = Automatic;
				CURRENT_PROJECT_VERSION = 1;
				GENERATE_INFOPLIST_FILE = YES;
				MACOSX_DEPLOYMENT_TARGET = 26.0;
				MARKETING_VERSION = 1.0;
				PRODUCT_BUNDLE_IDENTIFIER = "com.byronyeung.Mac-TimeTests";
				PRODUCT_NAME = "$(TARGET_NAME)";
				STRING_CATALOG_GENERATE_SYMBOLS = NO;
				SWIFT_APPROACHABLE_CONCURRENCY = YES;
				SWIFT_EMIT_LOC_STRINGS = NO;
				SWIFT_UPCOMING_FEATURE_MEMBER_IMPORT_VISIBILITY = YES;
				SWIFT_VERSION = 5.0;
				TEST_HOST = "$(BUILT_PRODUCTS_DIR)/Mac Time.app/$(BUNDLE_EXECUTABLE_FOLDER_PATH)/Mac Time";
			};
			name = Debug;
		};
		020134592EE6DC8A002544BE /* Release */ = {
			isa = XCBuildConfiguration;
			buildSettings = {
				BUNDLE_LOADER = "$(TEST_HOST)";
				CODE_SIGN_STYLE = Automatic;
				CURRENT_PROJECT_VERSION = 1;
				GENERATE_INFOPLIST_FILE = YES;
				MACOSX_DEPLOYMENT_TARGET = 26.0;
				MARKETING_VERSION = 1.0;
				PRODUCT_BUNDLE_IDENTIFIER = "com.byronyeung.Mac-TimeTests";
				PRODUCT_NAME = "$(TARGET_NAME)";
				STRING_CATALOG_GENERATE_SYMBOLS = NO;
				SWIFT_APPROACHABLE_CONCURRENCY = YES;
				SWIFT_EMIT_LOC_STRINGS = NO;
				SWIFT_UPCOMING_FEATURE_MEMBER_IMPORT_VISIBILITY = YES;
				SWIFT_VERSION = 5.0;
				TEST_HOST = "$(BUILT_PRODUCTS_DIR)/Mac Time.app/$(BUNDLE_EXECUTABLE_FOLDER_PATH)/Mac Time";
			};
			name = Release;
		};
		0201345B2EE6DC8A002544BE /* Debug */ = {
			isa = XCBuildConfiguration;
			buildSettings = {
				CODE_SIGN_STYLE = Automatic;
				CURRENT_PROJECT_VERSION = 1;
				GENERATE_INFOPLIST_FILE = YES;
				MARKETING_VERSION = 1.0;
				PRODUCT_BUNDLE_IDENTIFIER = "com.byronyeung.Mac-TimeUITests";
				PRODUCT_NAME = "$(TARGET_NAME)";
				STRING_CATALOG_GENERATE_SYMBOLS = NO;
				SWIFT_APPROACHABLE_CONCURRENCY = YES;
				SWIFT_EMIT_LOC_STRINGS = NO;
				SWIFT_UPCOMING_FEATURE_MEMBER_IMPORT_VISIBILITY = YES;
				SWIFT_VERSION = 5.0;
				TEST_TARGET_NAME = "Mac Time";
			};
			name = Debug;
		};
		0201345C2EE6DC8A002544BE /* Release */ = {
			isa = XCBuildConfiguration;
			buildSettings = {
				CODE_SIGN_STYLE = Automatic;
				CURRENT_PROJECT_VERSION = 1;
				GENERATE_INFOPLIST_FILE = YES;
				MARKETING_VERSION = 1.0;
				PRODUCT_BUNDLE_IDENTIFIER = "com.byronyeung.Mac-TimeUITests";
				PRODUCT_NAME = "$(TARGET_NAME)";
				STRING_CATALOG_GENERATE_SYMBOLS = NO;
				SWIFT_APPROACHABLE_CONCURRENCY = YES;
				SWIFT_EMIT_LOC_STRINGS = NO;
				SWIFT_UPCOMING_FEATURE_MEMBER_IMPORT_VISIBILITY = YES;
				SWIFT_VERSION = 5.0;
				TEST_TARGET_NAME = "Mac Time";
			};
			name = Release;
		};
/* End XCBuildConfiguration section */

/* Begin XCConfigurationList section */
		0201342E2EE6DC8A002544BE /* Build configuration list for PBXProject "Mac Time" */ = {
			isa = XCConfigurationList;
			buildConfigurations = (
				020134522EE6DC8A002544BE /* Debug */,
				020134532EE6DC8A002544BE /* Release */,
			);
			defaultConfigurationIsVisible = 0;
			defaultConfigurationName = Release;
		};
		020134542EE6DC8A002544BE /* Build configuration list for PBXNativeTarget "Mac Time" */ = {
			isa = XCConfigurationList;
			buildConfigurations = (
				020134552EE6DC8A002544BE /* Debug */,
				020134562EE6DC8A002544BE /* Release */,
			);
			defaultConfigurationIsVisible = 0;
			defaultConfigurationName = Release;
		};
		020134572EE6DC8A002544BE /* Build configuration list for PBXNativeTarget "Mac TimeTests" */ = {
			isa = XCConfigurationList;
			buildConfigurations = (
				020134582EE6DC8A002544BE /* Debug */,
				020134592EE6DC8A002544BE /* Release */,
			);
			defaultConfigurationIsVisible = 0;
			defaultConfigurationName = Release;
		};
		0201345A2EE6DC8A002544BE /* Build configuration list for PBXNativeTarget "Mac TimeUITests" */ = {
			isa = XCConfigurationList;
			buildConfigurations = (
				0201345B2EE6DC8A002544BE /* Debug */,
				0201345C2EE6DC8A002544BE /* Release */,
			);
			defaultConfigurationIsVisible = 0;
			defaultConfigurationName = Release;
		};
/* End XCConfigurationList section */

/* Begin XCRemoteSwiftPackageReference section */
		020134732EE6DFCC002544BE /* XCRemoteSwiftPackageReference "SQLite.swift" */ = {
			isa = XCRemoteSwiftPackageReference;
			repositoryURL = "https://github.com/stephencelis/SQLite.swift.git";
			requirement = {
				kind = upToNextMajorVersion;
				minimumVersion = 0.15.4;
			};
		};
/* End XCRemoteSwiftPackageReference section */

/* Begin XCSwiftPackageProductDependency section */
		020134752EE6E12C002544BE /* SQLite */ = {
			isa = XCSwiftPackageProductDependency;
			package = 020134732EE6DFCC002544BE /* XCRemoteSwiftPackageReference "SQLite.swift" */;
			productName = SQLite;
		};
/* End XCSwiftPackageProductDependency section */
	};
	rootObject = 0201342B2EE6DC8A002544BE /* Project object */;
}
